<?xml version="1.0" encoding="utf-8"?>
<Project ToolsVersion="4.0" xmlns="http://schemas.microsoft.com/developer/msbuild/2003">
  <ItemGroup>
    <Filter Include="src">
      <UniqueIdentifier>{50c606b2-1db9-4780-b552-a741630a0f84}</UniqueIdentifier>
    </Filter>
    <Filter Include="src\logic">
      <UniqueIdentifier>{bf34556a-cf83-45e1-a695-5c25367e7865}</UniqueIdentifier>
    </Filter>
    <Filter Include="src\objects">
      <UniqueIdentifier>{62107ca1-ed55-4c06-8010-bdba55692533}</UniqueIdentifier>
    </Filter>
    <Filter Include="src\objects\player">
      <UniqueIdentifier>{7bd00f3c-af4a-4059-b8b4-6961d880aa28}</UniqueIdentifier>
    </Filter>
    <Filter Include="src\objects\mainframe">
      <UniqueIdentifier>{b3d3f4bf-3a26-4999-9b60-a28f559e930e}</UniqueIdentifier>
    </Filter>
    <Filter Include="src\objects\enemy1">
      <UniqueIdentifier>{ff8c2663-06eb-448f-8888-cda11e80e8b5}</UniqueIdentifier>
    </Filter>
    <Filter Include="src\objects\shooting">
      <UniqueIdentifier>{0f349f5d-b0bc-48f1-a76a-273f038a45dd}</UniqueIdentifier>
    </Filter>
  </ItemGroup>
  <ItemGroup>
    <ClCompile Include="..\src\logic\Main.cpp">
      <Filter>src\logic</Filter>
    </ClCompile>
    <ClCompile Include="..\src\objects\mainframe\Mainframe.cpp">
      <Filter>src\objects\mainframe</Filter>
    </ClCompile>
    <ClCompile Include="..\src\objects\shooting\Shooting.cpp">
      <Filter>src\objects\shooting</Filter>
    </ClCompile>
    <ClCompile Include="..\src\objects\enemy1\Enemy1.cpp">
      <Filter>src\objects\enemy1</Filter>
    </ClCompile>
    <ClCompile Include="..\src\objects\player\Player.cpp">
      <Filter>src\objects\player</Filter>
    </ClCompile>
  </ItemGroup>
  <ItemGroup>
    <ClInclude Include="..\src\objects\player\Player.h">
      <Filter>src\objects\player</Filter>
    </ClInclude>
    <ClInclude Include="..\src\objects\shooting\Shooting.h">
      <Filter>src\objects\shooting</Filter>
    </ClInclude>
    <ClInclude Include="..\src\objects\mainframe\Mainframe.h">
      <Filter>src\objects\mainframe</Filter>
    </ClInclude>
    <ClInclude Include="..\src\objects\enemy1\Enemy1.h">
      <Filter>src\objects\enemy1</Filter>
    </ClInclude>
  </ItemGroup>
</Project>