<?xml version="1.0" encoding="utf-8"?>
<Project ToolsVersion="4.0" xmlns="http://schemas.microsoft.com/developer/msbuild/2003">
  <ItemGroup>
    <Filter Include="src">
      <UniqueIdentifier>{50c606b2-1db9-4780-b552-a741630a0f84}</UniqueIdentifier>
    </Filter>
    <Filter Include="src\logic">
      <UniqueIdentifier>{bf34556a-cf83-45e1-a695-5c25367e7865}</UniqueIdentifier>
    </Filter>
    <Filter Include="src\objects">
      <UniqueIdentifier>{62107ca1-ed55-4c06-8010-bdba55692533}</UniqueIdentifier>
    </Filter>
    <Filter Include="src\objects\player">
      <UniqueIdentifier>{7bd00f3c-af4a-4059-b8b4-6961d880aa28}</UniqueIdentifier>
    </Filter>
    <Filter Include="src\objects\mainframe">
      <UniqueIdentifier>{b3d3f4bf-3a26-4999-9b60-a28f559e930e}</UniqueIdentifier>
    </Filter>
    <Filter Include="src\objects\enemy1">
      <UniqueIdentifier>{ff8c2663-06eb-448f-8888-cda11e80e8b5}</UniqueIdentifier>
    </Filter>
    <Filter Include="src\objects\spells">
      <UniqueIdentifier>{204548e4-0835-4d2d-9cff-d026400b2034}</UniqueIdentifier>
    </Filter>
    <Filter Include="src\objects\spells\bullet">
      <UniqueIdentifier>{0ecb988a-7aa1-4c50-8d3d-d47d98170447}</UniqueIdentifier>
    </Filter>
  </ItemGroup>
  <ItemGroup>
    <ClCompile Include="..\src\logic\Main.cpp">
      <Filter>src\logic</Filter>
    </ClCompile>
    <ClCompile Include="..\src\objects\mainframe\Mainframe.cpp">
      <Filter>src\objects\mainframe</Filter>
    </ClCompile>
    <ClCompile Include="..\src\objects\enemy1\Enemy1.cpp">
      <Filter>src\objects\enemy1</Filter>
    </ClCompile>
    <ClCompile Include="..\src\objects\player\Player.cpp">
      <Filter>src\objects\player</Filter>
    </ClCompile>
    <ClCompile Include="..\src\objects\spells\bullet\Bullet.cpp">
      <Filter>src\objects\spells\bullet</Filter>
    </ClCompile>
    <ClCompile Include="..\src\logic\Spellmanager.cpp">
      <Filter>src\logic</Filter>
    </ClCompile>
    <ClCompile Include="FFreeze.cpp">
      <Filter>src</Filter>
    </ClCompile>
    <ClCompile Include="..\src\objects\spells\Vacuum.cpp">
      <Filter>src\objects\spells</Filter>
    </ClCompile>
    <ClCompile Include="..\src\objects\spells\Shockgate.cpp">
      <Filter>src\objects\spells</Filter>
    </ClCompile>
    <ClCompile Include="..\src\logic\Scenes.cpp">
      <Filter>src\logic</Filter>
    </ClCompile>
    <ClCompile Include="..\src\logic\MagicNumbers.cpp">
      <Filter>src\logic</Filter>
    </ClCompile>
    <ClCompile Include="..\src\logic\TextureManager.cpp">
      <Filter>src\logic</Filter>
    </ClCompile>
  </ItemGroup>
  <ItemGroup>
    <ClInclude Include="..\src\objects\player\Player.h">
      <Filter>src\objects\player</Filter>
    </ClInclude>
    <ClInclude Include="..\src\objects\mainframe\Mainframe.h">
      <Filter>src\objects\mainframe</Filter>
    </ClInclude>
    <ClInclude Include="..\src\objects\enemy1\Enemy1.h">
      <Filter>src\objects\enemy1</Filter>
    </ClInclude>
    <ClInclude Include="..\src\objects\spells\bullet\Bullet.h">
      <Filter>src\objects\spells\bullet</Filter>
    </ClInclude>
    <ClInclude Include="..\src\logic\Spellmanager.h">
      <Filter>src\logic</Filter>
    </ClInclude>
    <ClInclude Include="FFreeze.h" />
    <ClInclude Include="..\src\objects\spells\Vacuum.h">
      <Filter>src\objects\spells</Filter>
    </ClInclude>
    <ClInclude Include="..\src\objects\spells\Shockgate.h">
      <Filter>src\objects\spells</Filter>
    </ClInclude>
    <ClInclude Include="..\src\logic\Scenes.h">
      <Filter>src\logic</Filter>
    </ClInclude>
    <ClInclude Include="..\src\logic\MagicNumbers.h">
      <Filter>src\logic</Filter>
    </ClInclude>
    <ClInclude Include="..\src\logic\TextureManager.h">
      <Filter>src\logic</Filter>
    </ClInclude>
  </ItemGroup>
</Project>